
Microsoft Visual Studio Solution File, Format Version 11.00
# Visual Studio 2010
Project("{FAE04EC0-301F-11D3-BF4B-00C04F79EFBC}") = "TicketSystemCA_ADONET", "TicketSystemCA_ADONET\TicketSystemCA_ADONET.csproj", "{467D4D0D-6197-44F8-9F19-20E7BA3C5A78}"
EndProject
Project("{FAE04EC0-301F-11D3-BF4B-00C04F79EFBC}") = "TicketSystemWFA_ADONET", "TicketSystemWFA_ADONET\TicketSystemWFA_ADONET.csproj", "{6B099840-DDA0-46EB-8356-1EA5A09D3E2B}"
EndProject
Global
	GlobalSection(SolutionConfigurationPlatforms) = preSolution
		Debug|x86 = Debug|x86
		Release|x86 = Release|x86
	EndGlobalSection
	GlobalSection(ProjectConfigurationPlatforms) = postSolution
		{467D4D0D-6197-44F8-9F19-20E7BA3C5A78}.Debug|x86.ActiveCfg = Debug|x86
		{467D4D0D-6197-44F8-9F19-20E7BA3C5A78}.Debug|x86.Build.0 = Debug|x86
		{467D4D0D-6197-44F8-9F19-20E7BA3C5A78}.Release|x86.ActiveCfg = Release|x86
		{467D4D0D-6197-44F8-9F19-20E7BA3C5A78}.Release|x86.Build.0 = Release|x86
		{6B099840-DDA0-46EB-8356-1EA5A09D3E2B}.Debug|x86.ActiveCfg = Debug|x86
		{6B099840-DDA0-46EB-8356-1EA5A09D3E2B}.Debug|x86.Build.0 = Debug|x86
		{6B099840-DDA0-46EB-8356-1EA5A09D3E2B}.Release|x86.ActiveCfg = Release|x86
		{6B099840-DDA0-46EB-8356-1EA5A09D3E2B}.Release|x86.Build.0 = Release|x86
	EndGlobalSection
	GlobalSection(SolutionProperties) = preSolution
		HideSolutionNode = FALSE
	EndGlobalSection
EndGlobal
