
Microsoft Visual Studio Solution File, Format Version 11.00
# Visual Studio 2010
Project("{FAE04EC0-301F-11D3-BF4B-00C04F79EFBC}") = "TempConversion", "TempConversion\TempConversion.csproj", "{0029DC6C-B580-44A6-864B-D87C93EBAC6A}"
EndProject
Project("{54435603-DBB4-11D2-8724-00A0C9A8B90C}") = "Application Installer", "Application Installer\Application Installer.vdproj", "{72D8A3F5-256E-44A7-9451-1DECC0591007}"
EndProject
Global
	GlobalSection(SolutionConfigurationPlatforms) = preSolution
		Debug|x86 = Debug|x86
		Release|x86 = Release|x86
	EndGlobalSection
	GlobalSection(ProjectConfigurationPlatforms) = postSolution
		{0029DC6C-B580-44A6-864B-D87C93EBAC6A}.Debug|x86.ActiveCfg = Debug|x86
		{0029DC6C-B580-44A6-864B-D87C93EBAC6A}.Debug|x86.Build.0 = Debug|x86
		{0029DC6C-B580-44A6-864B-D87C93EBAC6A}.Release|x86.ActiveCfg = Release|x86
		{0029DC6C-B580-44A6-864B-D87C93EBAC6A}.Release|x86.Build.0 = Release|x86
		{72D8A3F5-256E-44A7-9451-1DECC0591007}.Debug|x86.ActiveCfg = Release
		{72D8A3F5-256E-44A7-9451-1DECC0591007}.Release|x86.ActiveCfg = Release
	EndGlobalSection
	GlobalSection(SolutionProperties) = preSolution
		HideSolutionNode = FALSE
	EndGlobalSection
EndGlobal
