
Microsoft Visual Studio Solution File, Format Version 12.00
# Visual Studio 2010
Project("{FAE04EC0-301F-11D3-BF4B-00C04F79EFBC}") = "CalculateBTW", "Test\CalculateBTW.csproj", "{D3C9D429-747C-4153-AA2C-5B86D9DF497D}"
EndProject
Project("{54435603-DBB4-11D2-8724-00A0C9A8B90C}") = "WindowsInstaller", "WindowsInstaller\WindowsInstaller.vdproj", "{06BFE2DD-EC4C-4447-B5E3-D4AEDEBCA7B9}"
EndProject
Global
	GlobalSection(SolutionConfigurationPlatforms) = preSolution
		Debug|Any CPU = Debug|Any CPU
		Release|Any CPU = Release|Any CPU
	EndGlobalSection
	GlobalSection(ProjectConfigurationPlatforms) = postSolution
		{D3C9D429-747C-4153-AA2C-5B86D9DF497D}.Debug|Any CPU.ActiveCfg = Debug|Any CPU
		{D3C9D429-747C-4153-AA2C-5B86D9DF497D}.Debug|Any CPU.Build.0 = Debug|Any CPU
		{D3C9D429-747C-4153-AA2C-5B86D9DF497D}.Release|Any CPU.ActiveCfg = Release|Any CPU
		{D3C9D429-747C-4153-AA2C-5B86D9DF497D}.Release|Any CPU.Build.0 = Release|Any CPU
		{06BFE2DD-EC4C-4447-B5E3-D4AEDEBCA7B9}.Debug|Any CPU.ActiveCfg = Debug
		{06BFE2DD-EC4C-4447-B5E3-D4AEDEBCA7B9}.Release|Any CPU.ActiveCfg = Release
	EndGlobalSection
	GlobalSection(SolutionProperties) = preSolution
		HideSolutionNode = FALSE
	EndGlobalSection
EndGlobal
